
Microsoft Visual Studio Solution File, Format Version 12.00
# Visual Studio 15
VisualStudioVersion = 15.0.26730.10
MinimumVisualStudioVersion = 10.0.40219.1
Project("{FAE04EC0-301F-11D3-BF4B-00C04F79EFBC}") = "TwoDimArrayAssignemt", "TwoDimArrayAssignemt\TwoDimArrayAssignemt.csproj", "{1774E4A5-A234-4407-867D-A6DE5F8505A3}"
EndProject
Global
	GlobalSection(SolutionConfigurationPlatforms) = preSolution
		Debug|Any CPU = Debug|Any CPU
		Release|Any CPU = Release|Any CPU
	EndGlobalSection
	GlobalSection(ProjectConfigurationPlatforms) = postSolution
		{1774E4A5-A234-4407-867D-A6DE5F8505A3}.Debug|Any CPU.ActiveCfg = Debug|Any CPU
		{1774E4A5-A234-4407-867D-A6DE5F8505A3}.Debug|Any CPU.Build.0 = Debug|Any CPU
		{1774E4A5-A234-4407-867D-A6DE5F8505A3}.Release|Any CPU.ActiveCfg = Release|Any CPU
		{1774E4A5-A234-4407-867D-A6DE5F8505A3}.Release|Any CPU.Build.0 = Release|Any CPU
	EndGlobalSection
	GlobalSection(SolutionProperties) = preSolution
		HideSolutionNode = FALSE
	EndGlobalSection
	GlobalSection(ExtensibilityGlobals) = postSolution
		SolutionGuid = {1D76396B-1811-48F2-9824-5A53F59C3633}
	EndGlobalSection
EndGlobal
